// !$*UTF8*$!
{
	archiveVersion = 1;
	classes = {
	};
	objectVersion = 56;
	objects = {

/* Begin PBXBuildFile section */
		102330FD2B0F6F8E00B6AEF6 /* WordMazeApp.swift in Sources */ = {isa = PBXBuildFile; fileRef = 102330FC2B0F6F8E00B6AEF6 /* WordMazeApp.swift */; };
		102330FF2B0F6F8E00B6AEF6 /* ContentView.swift in Sources */ = {isa = PBXBuildFile; fileRef = 102330FE2B0F6F8E00B6AEF6 /* ContentView.swift */; };
		102331012B0F6F8F00B6AEF6 /* Assets.xcassets in Resources */ = {isa = PBXBuildFile; fileRef = 102331002B0F6F8F00B6AEF6 /* Assets.xcassets */; };
		102331042B0F6F8F00B6AEF6 /* Preview Assets.xcassets in Resources */ = {isa = PBXBuildFile; fileRef = 102331032B0F6F8F00B6AEF6 /* Preview Assets.xcassets */; };
		1023310E2B0F6F8F00B6AEF6 /* WordMazeTests.swift in Sources */ = {isa = PBXBuildFile; fileRef = 1023310D2B0F6F8F00B6AEF6 /* WordMazeTests.swift */; };
		102331182B0F6F9000B6AEF6 /* WordMazeUITests.swift in Sources */ = {isa = PBXBuildFile; fileRef = 102331172B0F6F9000B6AEF6 /* WordMazeUITests.swift */; };
		1023311A2B0F6F9000B6AEF6 /* WordMazeUITestsLaunchTests.swift in Sources */ = {isa = PBXBuildFile; fileRef = 102331192B0F6F9000B6AEF6 /* WordMazeUITestsLaunchTests.swift */; };
/* End PBXBuildFile section */

/* Begin PBXContainerItemProxy section */
		1023310A2B0F6F8F00B6AEF6 /* PBXContainerItemProxy */ = {
			isa = PBXContainerItemProxy;
			containerPortal = 102330F12B0F6F8E00B6AEF6 /* Project object */;
			proxyType = 1;
			remoteGlobalIDString = 102330F82B0F6F8E00B6AEF6;
			remoteInfo = WordMaze;
		};
		102331142B0F6F9000B6AEF6 /* PBXContainerItemProxy */ = {
			isa = PBXContainerItemProxy;
			containerPortal = 102330F12B0F6F8E00B6AEF6 /* Project object */;
			proxyType = 1;
			remoteGlobalIDString = 102330F82B0F6F8E00B6AEF6;
			remoteInfo = WordMaze;
		};
/* End PBXContainerItemProxy section */

/* Begin PBXFileReference section */
		102330F92B0F6F8E00B6AEF6 /* WordMaze.app */ = {isa = PBXFileReference; explicitFileType = wrapper.application; includeInIndex = 0; path = WordMaze.app; sourceTree = BUILT_PRODUCTS_DIR; };
		102330FC2B0F6F8E00B6AEF6 /* WordMazeApp.swift */ = {isa = PBXFileReference; lastKnownFileType = sourcecode.swift; path = WordMazeApp.swift; sourceTree = "<group>"; };
		102330FE2B0F6F8E00B6AEF6 /* ContentView.swift */ = {isa = PBXFileReference; lastKnownFileType = sourcecode.swift; path = ContentView.swift; sourceTree = "<group>"; };
		102331002B0F6F8F00B6AEF6 /* Assets.xcassets */ = {isa = PBXFileReference; lastKnownFileType = folder.assetcatalog; path = Assets.xcassets; sourceTree = "<group>"; };
		102331032B0F6F8F00B6AEF6 /* Preview Assets.xcassets */ = {isa = PBXFileReference; lastKnownFileType = folder.assetcatalog; path = "Preview Assets.xcassets"; sourceTree = "<group>"; };
		102331092B0F6F8F00B6AEF6 /* WordMazeTests.xctest */ = {isa = PBXFileReference; explicitFileType = wrapper.cfbundle; includeInIndex = 0; path = WordMazeTests.xctest; sourceTree = BUILT_PRODUCTS_DIR; };
		1023310D2B0F6F8F00B6AEF6 /* WordMazeTests.swift */ = {isa = PBXFileReference; lastKnownFileType = sourcecode.swift; path = WordMazeTests.swift; sourceTree = "<group>"; };
		102331132B0F6F9000B6AEF6 /* WordMazeUITests.xctest */ = {isa = PBXFileReference; explicitFileType = wrapper.cfbundle; includeInIndex = 0; path = WordMazeUITests.xctest; sourceTree = BUILT_PRODUCTS_DIR; };
		102331172B0F6F9000B6AEF6 /* WordMazeUITests.swift */ = {isa = PBXFileReference; lastKnownFileType = sourcecode.swift; path = WordMazeUITests.swift; sourceTree = "<group>"; };
		102331192B0F6F9000B6AEF6 /* WordMazeUITestsLaunchTests.swift */ = {isa = PBXFileReference; lastKnownFileType = sourcecode.swift; path = WordMazeUITestsLaunchTests.swift; sourceTree = "<group>"; };
/* End PBXFileReference section */

/* Begin PBXFrameworksBuildPhase section */
		102330F62B0F6F8E00B6AEF6 /* Frameworks */ = {
			isa = PBXFrameworksBuildPhase;
			buildActionMask = 2147483647;
			files = (
			);
			runOnlyForDeploymentPostprocessing = 0;
		};
		102331062B0F6F8F00B6AEF6 /* Frameworks */ = {
			isa = PBXFrameworksBuildPhase;
			buildActionMask = 2147483647;
			files = (
			);
			runOnlyForDeploymentPostprocessing = 0;
		};
		102331102B0F6F9000B6AEF6 /* Frameworks */ = {
			isa = PBXFrameworksBuildPhase;
			buildActionMask = 2147483647;
			files = (
			);
			runOnlyForDeploymentPostprocessing = 0;
		};
/* End PBXFrameworksBuildPhase section */

/* Begin PBXGroup section */
		102330F02B0F6F8E00B6AEF6 = {
			isa = PBXGroup;
			children = (
				102330FB2B0F6F8E00B6AEF6 /* WordMaze */,
				1023310C2B0F6F8F00B6AEF6 /* WordMazeTests */,
				102331162B0F6F9000B6AEF6 /* WordMazeUITests */,
				102330FA2B0F6F8E00B6AEF6 /* Products */,
			);
			sourceTree = "<group>";
		};
		102330FA2B0F6F8E00B6AEF6 /* Products */ = {
			isa = PBXGroup;
			children = (
				102330F92B0F6F8E00B6AEF6 /* WordMaze.app */,
				102331092B0F6F8F00B6AEF6 /* WordMazeTests.xctest */,
				102331132B0F6F9000B6AEF6 /* WordMazeUITests.xctest */,
			);
			name = Products;
			sourceTree = "<group>";
		};
		102330FB2B0F6F8E00B6AEF6 /* WordMaze */ = {
			isa = PBXGroup;
			children = (
				102330FC2B0F6F8E00B6AEF6 /* WordMazeApp.swift */,
				102330FE2B0F6F8E00B6AEF6 /* ContentView.swift */,
				102331002B0F6F8F00B6AEF6 /* Assets.xcassets */,
				102331022B0F6F8F00B6AEF6 /* Preview Content */,
			);
			path = WordMaze;
			sourceTree = "<group>";
		};
		102331022B0F6F8F00B6AEF6 /* Preview Content */ = {
			isa = PBXGroup;
			children = (
				102331032B0F6F8F00B6AEF6 /* Preview Assets.xcassets */,
			);
			path = "Preview Content";
			sourceTree = "<group>";
		};
		1023310C2B0F6F8F00B6AEF6 /* WordMazeTests */ = {
			isa = PBXGroup;
			children = (
				1023310D2B0F6F8F00B6AEF6 /* WordMazeTests.swift */,
			);
			path = WordMazeTests;
			sourceTree = "<group>";
		};
		102331162B0F6F9000B6AEF6 /* WordMazeUITests */ = {
			isa = PBXGroup;
			children = (
				102331172B0F6F9000B6AEF6 /* WordMazeUITests.swift */,
				102331192B0F6F9000B6AEF6 /* WordMazeUITestsLaunchTests.swift */,
			);
			path = WordMazeUITests;
			sourceTree = "<group>";
		};
/* End PBXGroup section */

/* Begin PBXNativeTarget section */
		102330F82B0F6F8E00B6AEF6 /* WordMaze */ = {
			isa = PBXNativeTarget;
			buildConfigurationList = 1023311D2B0F6F9000B6AEF6 /* Build configuration list for PBXNativeTarget "WordMaze" */;
			buildPhases = (
				102330F52B0F6F8E00B6AEF6 /* Sources */,
				102330F62B0F6F8E00B6AEF6 /* Frameworks */,
				102330F72B0F6F8E00B6AEF6 /* Resources */,
			);
			buildRules = (
			);
			dependencies = (
			);
			name = WordMaze;
			productName = WordMaze;
			productReference = 102330F92B0F6F8E00B6AEF6 /* WordMaze.app */;
			productType = "com.apple.product-type.application";
		};
		102331082B0F6F8F00B6AEF6 /* WordMazeTests */ = {
			isa = PBXNativeTarget;
			buildConfigurationList = 102331202B0F6F9000B6AEF6 /* Build configuration list for PBXNativeTarget "WordMazeTests" */;
			buildPhases = (
				102331052B0F6F8F00B6AEF6 /* Sources */,
				102331062B0F6F8F00B6AEF6 /* Frameworks */,
				102331072B0F6F8F00B6AEF6 /* Resources */,
			);
			buildRules = (
			);
			dependencies = (
				1023310B2B0F6F8F00B6AEF6 /* PBXTargetDependency */,
			);
			name = WordMazeTests;
			productName = WordMazeTests;
			productReference = 102331092B0F6F8F00B6AEF6 /* WordMazeTests.xctest */;
			productType = "com.apple.product-type.bundle.unit-test";
		};
		102331122B0F6F9000B6AEF6 /* WordMazeUITests */ = {
			isa = PBXNativeTarget;
			buildConfigurationList = 102331232B0F6F9000B6AEF6 /* Build configuration list for PBXNativeTarget "WordMazeUITests" */;
			buildPhases = (
				1023310F2B0F6F9000B6AEF6 /* Sources */,
				102331102B0F6F9000B6AEF6 /* Frameworks */,
				102331112B0F6F9000B6AEF6 /* Resources */,
			);
			buildRules = (
			);
			dependencies = (
				102331152B0F6F9000B6AEF6 /* PBXTargetDependency */,
			);
			name = WordMazeUITests;
			productName = WordMazeUITests;
			productReference = 102331132B0F6F9000B6AEF6 /* WordMazeUITests.xctest */;
			productType = "com.apple.product-type.bundle.ui-testing";
		};
/* End PBXNativeTarget section */

/* Begin PBXProject section */
		102330F12B0F6F8E00B6AEF6 /* Project object */ = {
			isa = PBXProject;
			attributes = {
				BuildIndependentTargetsInParallel = 1;
				LastSwiftUpdateCheck = 1500;
				LastUpgradeCheck = 1500;
				TargetAttributes = {
					102330F82B0F6F8E00B6AEF6 = {
						CreatedOnToolsVersion = 15.0.1;
					};
					102331082B0F6F8F00B6AEF6 = {
						CreatedOnToolsVersion = 15.0.1;
						TestTargetID = 102330F82B0F6F8E00B6AEF6;
					};
					102331122B0F6F9000B6AEF6 = {
						CreatedOnToolsVersion = 15.0.1;
						TestTargetID = 102330F82B0F6F8E00B6AEF6;
					};
				};
			};
			buildConfigurationList = 102330F42B0F6F8E00B6AEF6 /* Build configuration list for PBXProject "WordMaze" */;
			compatibilityVersion = "Xcode 14.0";
			developmentRegion = en;
			hasScannedForEncodings = 0;
			knownRegions = (
				en,
				Base,
			);
			mainGroup = 102330F02B0F6F8E00B6AEF6;
			productRefGroup = 102330FA2B0F6F8E00B6AEF6 /* Products */;
			projectDirPath = "";
			projectRoot = "";
			targets = (
				102330F82B0F6F8E00B6AEF6 /* WordMaze */,
				102331082B0F6F8F00B6AEF6 /* WordMazeTests */,
				102331122B0F6F9000B6AEF6 /* WordMazeUITests */,
			);
		};
/* End PBXProject section */

/* Begin PBXResourcesBuildPhase section */
		102330F72B0F6F8E00B6AEF6 /* Resources */ = {
			isa = PBXResourcesBuildPhase;
			buildActionMask = 2147483647;
			files = (
				102331042B0F6F8F00B6AEF6 /* Preview Assets.xcassets in Resources */,
				102331012B0F6F8F00B6AEF6 /* Assets.xcassets in Resources */,
			);
			runOnlyForDeploymentPostprocessing = 0;
		};
		102331072B0F6F8F00B6AEF6 /* Resources */ = {
			isa = PBXResourcesBuildPhase;
			buildActionMask = 2147483647;
			files = (
			);
			runOnlyForDeploymentPostprocessing = 0;
		};
		102331112B0F6F9000B6AEF6 /* Resources */ = {
			isa = PBXResourcesBuildPhase;
			buildActionMask = 2147483647;
			files = (
			);
			runOnlyForDeploymentPostprocessing = 0;
		};
/* End PBXResourcesBuildPhase section */

/* Begin PBXSourcesBuildPhase section */
		102330F52B0F6F8E00B6AEF6 /* Sources */ = {
			isa = PBXSourcesBuildPhase;
			buildActionMask = 2147483647;
			files = (
				102330FF2B0F6F8E00B6AEF6 /* ContentView.swift in Sources */,
				102330FD2B0F6F8E00B6AEF6 /* WordMazeApp.swift in Sources */,
			);
			runOnlyForDeploymentPostprocessing = 0;
		};
		102331052B0F6F8F00B6AEF6 /* Sources */ = {
			isa = PBXSourcesBuildPhase;
			buildActionMask = 2147483647;
			files = (
				1023310E2B0F6F8F00B6AEF6 /* WordMazeTests.swift in Sources */,
			);
			runOnlyForDeploymentPostprocessing = 0;
		};
		1023310F2B0F6F9000B6AEF6 /* Sources */ = {
			isa = PBXSourcesBuildPhase;
			buildActionMask = 2147483647;
			files = (
				1023311A2B0F6F9000B6AEF6 /* WordMazeUITestsLaunchTests.swift in Sources */,
				102331182B0F6F9000B6AEF6 /* WordMazeUITests.swift in Sources */,
			);
			runOnlyForDeploymentPostprocessing = 0;
		};
/* End PBXSourcesBuildPhase section */

/* Begin PBXTargetDependency section */
		1023310B2B0F6F8F00B6AEF6 /* PBXTargetDependency */ = {
			isa = PBXTargetDependency;
			target = 102330F82B0F6F8E00B6AEF6 /* WordMaze */;
			targetProxy = 1023310A2B0F6F8F00B6AEF6 /* PBXContainerItemProxy */;
		};
		102331152B0F6F9000B6AEF6 /* PBXTargetDependency */ = {
			isa = PBXTargetDependency;
			target = 102330F82B0F6F8E00B6AEF6 /* WordMaze */;
			targetProxy = 102331142B0F6F9000B6AEF6 /* PBXContainerItemProxy */;
		};
/* End PBXTargetDependency section */

/* Begin XCBuildConfiguration section */
		1023311B2B0F6F9000B6AEF6 /* Debug */ = {
			isa = XCBuildConfiguration;
			buildSettings = {
				ALWAYS_SEARCH_USER_PATHS = NO;
				ASSETCATALOG_COMPILER_GENERATE_SWIFT_ASSET_SYMBOL_EXTENSIONS = YES;
				CLANG_ANALYZER_NONNULL = YES;
				CLANG_ANALYZER_NUMBER_OBJECT_CONVERSION = YES_AGGRESSIVE;
				CLANG_CXX_LANGUAGE_STANDARD = "gnu++20";
				CLANG_ENABLE_MODULES = YES;
				CLANG_ENABLE_OBJC_ARC = YES;
				CLANG_ENABLE_OBJC_WEAK = YES;
				CLANG_WARN_BLOCK_CAPTURE_AUTORELEASING = YES;
				CLANG_WARN_BOOL_CONVERSION = YES;
				CLANG_WARN_COMMA = YES;
				CLANG_WARN_CONSTANT_CONVERSION = YES;
				CLANG_WARN_DEPRECATED_OBJC_IMPLEMENTATIONS = YES;
				CLANG_WARN_DIRECT_OBJC_ISA_USAGE = YES_ERROR;
				CLANG_WARN_DOCUMENTATION_COMMENTS = YES;
				CLANG_WARN_EMPTY_BODY = YES;
				CLANG_WARN_ENUM_CONVERSION = YES;
				CLANG_WARN_INFINITE_RECURSION = YES;
				CLANG_WARN_INT_CONVERSION = YES;
				CLANG_WARN_NON_LITERAL_NULL_CONVERSION = YES;
				CLANG_WARN_OBJC_IMPLICIT_RETAIN_SELF = YES;
				CLANG_WARN_OBJC_LITERAL_CONVERSION = YES;
				CLANG_WARN_OBJC_ROOT_CLASS = YES_ERROR;
				CLANG_WARN_QUOTED_INCLUDE_IN_FRAMEWORK_HEADER = YES;
				CLANG_WARN_RANGE_LOOP_ANALYSIS = YES;
				CLANG_WARN_STRICT_PROTOTYPES = YES;
				CLANG_WARN_SUSPICIOUS_MOVE = YES;
				CLANG_WARN_UNGUARDED_AVAILABILITY = YES_AGGRESSIVE;
				CLANG_WARN_UNREACHABLE_CODE = YES;
				CLANG_WARN__DUPLICATE_METHOD_MATCH = YES;
				COPY_PHASE_STRIP = NO;
				DEBUG_INFORMATION_FORMAT = dwarf;
				ENABLE_STRICT_OBJC_MSGSEND = YES;
				ENABLE_TESTABILITY = YES;
				ENABLE_USER_SCRIPT_SANDBOXING = YES;
				GCC_C_LANGUAGE_STANDARD = gnu17;
				GCC_DYNAMIC_NO_PIC = NO;
				GCC_NO_COMMON_BLOCKS = YES;
				GCC_OPTIMIZATION_LEVEL = 0;
				GCC_PREPROCESSOR_DEFINITIONS = (
					"DEBUG=1",
					"$(inherited)",
				);
				GCC_WARN_64_TO_32_BIT_CONVERSION = YES;
				GCC_WARN_ABOUT_RETURN_TYPE = YES_ERROR;
				GCC_WARN_UNDECLARED_SELECTOR = YES;
				GCC_WARN_UNINITIALIZED_AUTOS = YES_AGGRESSIVE;
				GCC_WARN_UNUSED_FUNCTION = YES;
				GCC_WARN_UNUSED_VARIABLE = YES;
				IPHONEOS_DEPLOYMENT_TARGET = 17.0;
				LOCALIZATION_PREFERS_STRING_CATALOGS = YES;
				MTL_ENABLE_DEBUG_INFO = INCLUDE_SOURCE;
				MTL_FAST_MATH = YES;
				ONLY_ACTIVE_ARCH = YES;
				SDKROOT = iphoneos;
				SWIFT_ACTIVE_COMPILATION_CONDITIONS = "DEBUG $(inherited)";
				SWIFT_OPTIMIZATION_LEVEL = "-Onone";
			};
			name = Debug;
		};
		1023311C2B0F6F9000B6AEF6 /* Release */ = {
			isa = XCBuildConfiguration;
			buildSettings = {
				ALWAYS_SEARCH_USER_PATHS = NO;
				ASSETCATALOG_COMPILER_GENERATE_SWIFT_ASSET_SYMBOL_EXTENSIONS = YES;
				CLANG_ANALYZER_NONNULL = YES;
				CLANG_ANALYZER_NUMBER_OBJECT_CONVERSION = YES_AGGRESSIVE;
				CLANG_CXX_LANGUAGE_STANDARD = "gnu++20";
				CLANG_ENABLE_MODULES = YES;
				CLANG_ENABLE_OBJC_ARC = YES;
				CLANG_ENABLE_OBJC_WEAK = YES;
				CLANG_WARN_BLOCK_CAPTURE_AUTORELEASING = YES;
				CLANG_WARN_BOOL_CONVERSION = YES;
				CLANG_WARN_COMMA = YES;
				CLANG_WARN_CONSTANT_CONVERSION = YES;
				CLANG_WARN_DEPRECATED_OBJC_IMPLEMENTATIONS = YES;
				CLANG_WARN_DIRECT_OBJC_ISA_USAGE = YES_ERROR;
				CLANG_WARN_DOCUMENTATION_COMMENTS = YES;
				CLANG_WARN_EMPTY_BODY = YES;
				CLANG_WARN_ENUM_CONVERSION = YES;
				CLANG_WARN_INFINITE_RECURSION = YES;
				CLANG_WARN_INT_CONVERSION = YES;
				CLANG_WARN_NON_LITERAL_NULL_CONVERSION = YES;
				CLANG_WARN_OBJC_IMPLICIT_RETAIN_SELF = YES;
				CLANG_WARN_OBJC_LITERAL_CONVERSION = YES;
				CLANG_WARN_OBJC_ROOT_CLASS = YES_ERROR;
				CLANG_WARN_QUOTED_INCLUDE_IN_FRAMEWORK_HEADER = YES;
				CLANG_WARN_RANGE_LOOP_ANALYSIS = YES;
				CLANG_WARN_STRICT_PROTOTYPES = YES;
				CLANG_WARN_SUSPICIOUS_MOVE = YES;
				CLANG_WARN_UNGUARDED_AVAILABILITY = YES_AGGRESSIVE;
				CLANG_WARN_UNREACHABLE_CODE = YES;
				CLANG_WARN__DUPLICATE_METHOD_MATCH = YES;
				COPY_PHASE_STRIP = NO;
				DEBUG_INFORMATION_FORMAT = "dwarf-with-dsym";
				ENABLE_NS_ASSERTIONS = NO;
				ENABLE_STRICT_OBJC_MSGSEND = YES;
				ENABLE_USER_SCRIPT_SANDBOXING = YES;
				GCC_C_LANGUAGE_STANDARD = gnu17;
				GCC_NO_COMMON_BLOCKS = YES;
				GCC_WARN_64_TO_32_BIT_CONVERSION = YES;
				GCC_WARN_ABOUT_RETURN_TYPE = YES_ERROR;
				GCC_WARN_UNDECLARED_SELECTOR = YES;
				GCC_WARN_UNINITIALIZED_AUTOS = YES_AGGRESSIVE;
				GCC_WARN_UNUSED_FUNCTION = YES;
				GCC_WARN_UNUSED_VARIABLE = YES;
				IPHONEOS_DEPLOYMENT_TARGET = 17.0;
				LOCALIZATION_PREFERS_STRING_CATALOGS = YES;
				MTL_ENABLE_DEBUG_INFO = NO;
				MTL_FAST_MATH = YES;
				SDKROOT = iphoneos;
				SWIFT_COMPILATION_MODE = wholemodule;
				VALIDATE_PRODUCT = YES;
			};
			name = Release;
		};
		1023311E2B0F6F9000B6AEF6 /* Debug */ = {
			isa = XCBuildConfiguration;
			buildSettings = {
				ASSETCATALOG_COMPILER_APPICON_NAME = AppIcon;
				ASSETCATALOG_COMPILER_GLOBAL_ACCENT_COLOR_NAME = AccentColor;
				CODE_SIGN_STYLE = Automatic;
				CURRENT_PROJECT_VERSION = 1;
				DEVELOPMENT_ASSET_PATHS = "\"WordMaze/Preview Content\"";
				DEVELOPMENT_TEAM = 7QSN9P2UZM;
				ENABLE_PREVIEWS = YES;
				GENERATE_INFOPLIST_FILE = YES;
				INFOPLIST_KEY_UIApplicationSceneManifest_Generation = YES;
				INFOPLIST_KEY_UIApplicationSupportsIndirectInputEvents = YES;
				INFOPLIST_KEY_UILaunchScreen_Generation = YES;
				INFOPLIST_KEY_UISupportedInterfaceOrientations_iPad = "UIInterfaceOrientationPortrait UIInterfaceOrientationPortraitUpsideDown UIInterfaceOrientationLandscapeLeft UIInterfaceOrientationLandscapeRight";
				INFOPLIST_KEY_UISupportedInterfaceOrientations_iPhone = "UIInterfaceOrientationPortrait UIInterfaceOrientationLandscapeLeft UIInterfaceOrientationLandscapeRight";
				LD_RUNPATH_SEARCH_PATHS = (
					"$(inherited)",
					"@executable_path/Frameworks",
				);
				MARKETING_VERSION = 1.0;
				PRODUCT_BUNDLE_IDENTIFIER = Lazzen.WordMaze;
				PRODUCT_NAME = "$(TARGET_NAME)";
				SWIFT_EMIT_LOC_STRINGS = YES;
				SWIFT_VERSION = 5.0;
				TARGETED_DEVICE_FAMILY = "1,2";
			};
			name = Debug;
		};
		1023311F2B0F6F9000B6AEF6 /* Release */ = {
			isa = XCBuildConfiguration;
			buildSettings = {
				ASSETCATALOG_COMPILER_APPICON_NAME = AppIcon;
				ASSETCATALOG_COMPILER_GLOBAL_ACCENT_COLOR_NAME = AccentColor;
				CODE_SIGN_STYLE = Automatic;
				CURRENT_PROJECT_VERSION = 1;
				DEVELOPMENT_ASSET_PATHS = "\"WordMaze/Preview Content\"";
				DEVELOPMENT_TEAM = 7QSN9P2UZM;
				ENABLE_PREVIEWS = YES;
				GENERATE_INFOPLIST_FILE = YES;
				INFOPLIST_KEY_UIApplicationSceneManifest_Generation = YES;
				INFOPLIST_KEY_UIApplicationSupportsIndirectInputEvents = YES;
				INFOPLIST_KEY_UILaunchScreen_Generation = YES;
				INFOPLIST_KEY_UISupportedInterfaceOrientations_iPad = "UIInterfaceOrientationPortrait UIInterfaceOrientationPortraitUpsideDown UIInterfaceOrientationLandscapeLeft UIInterfaceOrientationLandscapeRight";
				INFOPLIST_KEY_UISupportedInterfaceOrientations_iPhone = "UIInterfaceOrientationPortrait UIInterfaceOrientationLandscapeLeft UIInterfaceOrientationLandscapeRight";
				LD_RUNPATH_SEARCH_PATHS = (
					"$(inherited)",
					"@executable_path/Frameworks",
				);
				MARKETING_VERSION = 1.0;
				PRODUCT_BUNDLE_IDENTIFIER = Lazzen.WordMaze;
				PRODUCT_NAME = "$(TARGET_NAME)";
				SWIFT_EMIT_LOC_STRINGS = YES;
				SWIFT_VERSION = 5.0;
				TARGETED_DEVICE_FAMILY = "1,2";
			};
			name = Release;
		};
		102331212B0F6F9000B6AEF6 /* Debug */ = {
			isa = XCBuildConfiguration;
			buildSettings = {
				ALWAYS_EMBED_SWIFT_STANDARD_LIBRARIES = YES;
				BUNDLE_LOADER = "$(TEST_HOST)";
				CODE_SIGN_STYLE = Automatic;
				CURRENT_PROJECT_VERSION = 1;
				DEVELOPMENT_TEAM = 7QSN9P2UZM;
				GENERATE_INFOPLIST_FILE = YES;
				IPHONEOS_DEPLOYMENT_TARGET = 17.0;
				MARKETING_VERSION = 1.0;
				PRODUCT_BUNDLE_IDENTIFIER = Lazzen.WordMazeTests;
				PRODUCT_NAME = "$(TARGET_NAME)";
				SWIFT_EMIT_LOC_STRINGS = NO;
				SWIFT_VERSION = 5.0;
				TARGETED_DEVICE_FAMILY = "1,2";
				TEST_HOST = "$(BUILT_PRODUCTS_DIR)/WordMaze.app/$(BUNDLE_EXECUTABLE_FOLDER_PATH)/WordMaze";
			};
			name = Debug;
		};
		102331222B0F6F9000B6AEF6 /* Release */ = {
			isa = XCBuildConfiguration;
			buildSettings = {
				ALWAYS_EMBED_SWIFT_STANDARD_LIBRARIES = YES;
				BUNDLE_LOADER = "$(TEST_HOST)";
				CODE_SIGN_STYLE = Automatic;
				CURRENT_PROJECT_VERSION = 1;
				DEVELOPMENT_TEAM = 7QSN9P2UZM;
				GENERATE_INFOPLIST_FILE = YES;
				IPHONEOS_DEPLOYMENT_TARGET = 17.0;
				MARKETING_VERSION = 1.0;
				PRODUCT_BUNDLE_IDENTIFIER = Lazzen.WordMazeTests;
				PRODUCT_NAME = "$(TARGET_NAME)";
				SWIFT_EMIT_LOC_STRINGS = NO;
				SWIFT_VERSION = 5.0;
				TARGETED_DEVICE_FAMILY = "1,2";
				TEST_HOST = "$(BUILT_PRODUCTS_DIR)/WordMaze.app/$(BUNDLE_EXECUTABLE_FOLDER_PATH)/WordMaze";
			};
			name = Release;
		};
		102331242B0F6F9000B6AEF6 /* Debug */ = {
			isa = XCBuildConfiguration;
			buildSettings = {
				ALWAYS_EMBED_SWIFT_STANDARD_LIBRARIES = YES;
				CODE_SIGN_STYLE = Automatic;
				CURRENT_PROJECT_VERSION = 1;
				DEVELOPMENT_TEAM = 7QSN9P2UZM;
				GENERATE_INFOPLIST_FILE = YES;
				MARKETING_VERSION = 1.0;
				PRODUCT_BUNDLE_IDENTIFIER = Lazzen.WordMazeUITests;
				PRODUCT_NAME = "$(TARGET_NAME)";
				SWIFT_EMIT_LOC_STRINGS = NO;
				SWIFT_VERSION = 5.0;
				TARGETED_DEVICE_FAMILY = "1,2";
				TEST_TARGET_NAME = WordMaze;
			};
			name = Debug;
		};
		102331252B0F6F9000B6AEF6 /* Release */ = {
			isa = XCBuildConfiguration;
			buildSettings = {
				ALWAYS_EMBED_SWIFT_STANDARD_LIBRARIES = YES;
				CODE_SIGN_STYLE = Automatic;
				CURRENT_PROJECT_VERSION = 1;
				DEVELOPMENT_TEAM = 7QSN9P2UZM;
				GENERATE_INFOPLIST_FILE = YES;
				MARKETING_VERSION = 1.0;
				PRODUCT_BUNDLE_IDENTIFIER = Lazzen.WordMazeUITests;
				PRODUCT_NAME = "$(TARGET_NAME)";
				SWIFT_EMIT_LOC_STRINGS = NO;
				SWIFT_VERSION = 5.0;
				TARGETED_DEVICE_FAMILY = "1,2";
				TEST_TARGET_NAME = WordMaze;
			};
			name = Release;
		};
/* End XCBuildConfiguration section */

/* Begin XCConfigurationList section */
		102330F42B0F6F8E00B6AEF6 /* Build configuration list for PBXProject "WordMaze" */ = {
			isa = XCConfigurationList;
			buildConfigurations = (
				1023311B2B0F6F9000B6AEF6 /* Debug */,
				1023311C2B0F6F9000B6AEF6 /* Release */,
			);
			defaultConfigurationIsVisible = 0;
			defaultConfigurationName = Release;
		};
		1023311D2B0F6F9000B6AEF6 /* Build configuration list for PBXNativeTarget "WordMaze" */ = {
			isa = XCConfigurationList;
			buildConfigurations = (
				1023311E2B0F6F9000B6AEF6 /* Debug */,
				1023311F2B0F6F9000B6AEF6 /* Release */,
			);
			defaultConfigurationIsVisible = 0;
			defaultConfigurationName = Release;
		};
		102331202B0F6F9000B6AEF6 /* Build configuration list for PBXNativeTarget "WordMazeTests" */ = {
			isa = XCConfigurationList;
			buildConfigurations = (
				102331212B0F6F9000B6AEF6 /* Debug */,
				102331222B0F6F9000B6AEF6 /* Release */,
			);
			defaultConfigurationIsVisible = 0;
			defaultConfigurationName = Release;
		};
		102331232B0F6F9000B6AEF6 /* Build configuration list for PBXNativeTarget "WordMazeUITests" */ = {
			isa = XCConfigurationList;
			buildConfigurations = (
				102331242B0F6F9000B6AEF6 /* Debug */,
				102331252B0F6F9000B6AEF6 /* Release */,
			);
			defaultConfigurationIsVisible = 0;
			defaultConfigurationName = Release;
		};
/* End XCConfigurationList section */
	};
	rootObject = 102330F12B0F6F8E00B6AEF6 /* Project object */;
}
